
Microsoft Visual Studio Solution File, Format Version 12.00
# Visual Studio 15
VisualStudioVersion = 15.0.28010.2048
MinimumVisualStudioVersion = 10.0.40219.1
Project("{FAE04EC0-301F-11D3-BF4B-00C04F79EFBC}") = "WSR2018Mobile.Android", "WSR2018Mobile\WSR2018Mobile.Android\WSR2018Mobile.Android.csproj", "{1C0D1A20-3CB1-444A-BF14-6D7B80414E17}"
EndProject
Project("{FAE04EC0-301F-11D3-BF4B-00C04F79EFBC}") = "WSR2018Mobile.iOS", "WSR2018Mobile\WSR2018Mobile.iOS\WSR2018Mobile.iOS.csproj", "{00BF70BF-8CF6-490B-962D-E7AE88F4B830}"
EndProject
Project("{FAE04EC0-301F-11D3-BF4B-00C04F79EFBC}") = "WSR2018Mobile", "WSR2018Mobile\WSR2018Mobile\WSR2018Mobile.csproj", "{A8B4BAFC-EC17-46D6-BA9C-16FA698EEDAD}"
EndProject
Global
	GlobalSection(SolutionConfigurationPlatforms) = preSolution
		Ad-Hoc|Any CPU = Ad-Hoc|Any CPU
		Ad-Hoc|iPhone = Ad-Hoc|iPhone
		Ad-Hoc|iPhoneSimulator = Ad-Hoc|iPhoneSimulator
		AppStore|Any CPU = AppStore|Any CPU
		AppStore|iPhone = AppStore|iPhone
		AppStore|iPhoneSimulator = AppStore|iPhoneSimulator
		Debug|Any CPU = Debug|Any CPU
		Debug|iPhone = Debug|iPhone
		Debug|iPhoneSimulator = Debug|iPhoneSimulator
		Release|Any CPU = Release|Any CPU
		Release|iPhone = Release|iPhone
		Release|iPhoneSimulator = Release|iPhoneSimulator
	EndGlobalSection
	GlobalSection(ProjectConfigurationPlatforms) = postSolution
		{1C0D1A20-3CB1-444A-BF14-6D7B80414E17}.Ad-Hoc|Any CPU.ActiveCfg = Release|Any CPU
		{1C0D1A20-3CB1-444A-BF14-6D7B80414E17}.Ad-Hoc|Any CPU.Build.0 = Release|Any CPU
		{1C0D1A20-3CB1-444A-BF14-6D7B80414E17}.Ad-Hoc|Any CPU.Deploy.0 = Release|Any CPU
		{1C0D1A20-3CB1-444A-BF14-6D7B80414E17}.Ad-Hoc|iPhone.ActiveCfg = Release|Any CPU
		{1C0D1A20-3CB1-444A-BF14-6D7B80414E17}.Ad-Hoc|iPhone.Build.0 = Release|Any CPU
		{1C0D1A20-3CB1-444A-BF14-6D7B80414E17}.Ad-Hoc|iPhone.Deploy.0 = Release|Any CPU
		{1C0D1A20-3CB1-444A-BF14-6D7B80414E17}.Ad-Hoc|iPhoneSimulator.ActiveCfg = Release|Any CPU
		{1C0D1A20-3CB1-444A-BF14-6D7B80414E17}.Ad-Hoc|iPhoneSimulator.Build.0 = Release|Any CPU
		{1C0D1A20-3CB1-444A-BF14-6D7B80414E17}.Ad-Hoc|iPhoneSimulator.Deploy.0 = Release|Any CPU
		{1C0D1A20-3CB1-444A-BF14-6D7B80414E17}.AppStore|Any CPU.ActiveCfg = Release|Any CPU
		{1C0D1A20-3CB1-444A-BF14-6D7B80414E17}.AppStore|Any CPU.Build.0 = Release|Any CPU
		{1C0D1A20-3CB1-444A-BF14-6D7B80414E17}.AppStore|Any CPU.Deploy.0 = Release|Any CPU
		{1C0D1A20-3CB1-444A-BF14-6D7B80414E17}.AppStore|iPhone.ActiveCfg = Release|Any CPU
		{1C0D1A20-3CB1-444A-BF14-6D7B80414E17}.AppStore|iPhone.Build.0 = Release|Any CPU
		{1C0D1A20-3CB1-444A-BF14-6D7B80414E17}.AppStore|iPhone.Deploy.0 = Release|Any CPU
		{1C0D1A20-3CB1-444A-BF14-6D7B80414E17}.AppStore|iPhoneSimulator.ActiveCfg = Release|Any CPU
		{1C0D1A20-3CB1-444A-BF14-6D7B80414E17}.AppStore|iPhoneSimulator.Build.0 = Release|Any CPU
		{1C0D1A20-3CB1-444A-BF14-6D7B80414E17}.AppStore|iPhoneSimulator.Deploy.0 = Release|Any CPU
		{1C0D1A20-3CB1-444A-BF14-6D7B80414E17}.Debug|Any CPU.ActiveCfg = Debug|Any CPU
		{1C0D1A20-3CB1-444A-BF14-6D7B80414E17}.Debug|Any CPU.Build.0 = Debug|Any CPU
		{1C0D1A20-3CB1-444A-BF14-6D7B80414E17}.Debug|Any CPU.Deploy.0 = Debug|Any CPU
		{1C0D1A20-3CB1-444A-BF14-6D7B80414E17}.Debug|iPhone.ActiveCfg = Debug|Any CPU
		{1C0D1A20-3CB1-444A-BF14-6D7B80414E17}.Debug|iPhone.Build.0 = Debug|Any CPU
		{1C0D1A20-3CB1-444A-BF14-6D7B80414E17}.Debug|iPhone.Deploy.0 = Debug|Any CPU
		{1C0D1A20-3CB1-444A-BF14-6D7B80414E17}.Debug|iPhoneSimulator.ActiveCfg = Debug|Any CPU
		{1C0D1A20-3CB1-444A-BF14-6D7B80414E17}.Debug|iPhoneSimulator.Build.0 = Debug|Any CPU
		{1C0D1A20-3CB1-444A-BF14-6D7B80414E17}.Debug|iPhoneSimulator.Deploy.0 = Debug|Any CPU
		{1C0D1A20-3CB1-444A-BF14-6D7B80414E17}.Release|Any CPU.ActiveCfg = Release|Any CPU
		{1C0D1A20-3CB1-444A-BF14-6D7B80414E17}.Release|Any CPU.Build.0 = Release|Any CPU
		{1C0D1A20-3CB1-444A-BF14-6D7B80414E17}.Release|Any CPU.Deploy.0 = Release|Any CPU
		{1C0D1A20-3CB1-444A-BF14-6D7B80414E17}.Release|iPhone.ActiveCfg = Release|Any CPU
		{1C0D1A20-3CB1-444A-BF14-6D7B80414E17}.Release|iPhone.Build.0 = Release|Any CPU
		{1C0D1A20-3CB1-444A-BF14-6D7B80414E17}.Release|iPhone.Deploy.0 = Release|Any CPU
		{1C0D1A20-3CB1-444A-BF14-6D7B80414E17}.Release|iPhoneSimulator.ActiveCfg = Release|Any CPU
		{1C0D1A20-3CB1-444A-BF14-6D7B80414E17}.Release|iPhoneSimulator.Build.0 = Release|Any CPU
		{1C0D1A20-3CB1-444A-BF14-6D7B80414E17}.Release|iPhoneSimulator.Deploy.0 = Release|Any CPU
		{00BF70BF-8CF6-490B-962D-E7AE88F4B830}.Ad-Hoc|Any CPU.ActiveCfg = Ad-Hoc|iPhone
		{00BF70BF-8CF6-490B-962D-E7AE88F4B830}.Ad-Hoc|Any CPU.Build.0 = Ad-Hoc|iPhone
		{00BF70BF-8CF6-490B-962D-E7AE88F4B830}.Ad-Hoc|Any CPU.Deploy.0 = Ad-Hoc|iPhone
		{00BF70BF-8CF6-490B-962D-E7AE88F4B830}.Ad-Hoc|iPhone.ActiveCfg = Ad-Hoc|iPhone
		{00BF70BF-8CF6-490B-962D-E7AE88F4B830}.Ad-Hoc|iPhone.Build.0 = Ad-Hoc|iPhone
		{00BF70BF-8CF6-490B-962D-E7AE88F4B830}.Ad-Hoc|iPhone.Deploy.0 = Ad-Hoc|iPhone
		{00BF70BF-8CF6-490B-962D-E7AE88F4B830}.Ad-Hoc|iPhoneSimulator.ActiveCfg = Ad-Hoc|iPhoneSimulator
		{00BF70BF-8CF6-490B-962D-E7AE88F4B830}.Ad-Hoc|iPhoneSimulator.Build.0 = Ad-Hoc|iPhoneSimulator
		{00BF70BF-8CF6-490B-962D-E7AE88F4B830}.Ad-Hoc|iPhoneSimulator.Deploy.0 = Ad-Hoc|iPhoneSimulator
		{00BF70BF-8CF6-490B-962D-E7AE88F4B830}.AppStore|Any CPU.ActiveCfg = AppStore|iPhone
		{00BF70BF-8CF6-490B-962D-E7AE88F4B830}.AppStore|Any CPU.Build.0 = AppStore|iPhone
		{00BF70BF-8CF6-490B-962D-E7AE88F4B830}.AppStore|Any CPU.Deploy.0 = AppStore|iPhone
		{00BF70BF-8CF6-490B-962D-E7AE88F4B830}.AppStore|iPhone.ActiveCfg = AppStore|iPhone
		{00BF70BF-8CF6-490B-962D-E7AE88F4B830}.AppStore|iPhone.Build.0 = AppStore|iPhone
		{00BF70BF-8CF6-490B-962D-E7AE88F4B830}.AppStore|iPhone.Deploy.0 = AppStore|iPhone
		{00BF70BF-8CF6-490B-962D-E7AE88F4B830}.AppStore|iPhoneSimulator.ActiveCfg = AppStore|iPhoneSimulator
		{00BF70BF-8CF6-490B-962D-E7AE88F4B830}.AppStore|iPhoneSimulator.Build.0 = AppStore|iPhoneSimulator
		{00BF70BF-8CF6-490B-962D-E7AE88F4B830}.AppStore|iPhoneSimulator.Deploy.0 = AppStore|iPhoneSimulator
		{00BF70BF-8CF6-490B-962D-E7AE88F4B830}.Debug|Any CPU.ActiveCfg = Debug|iPhoneSimulator
		{00BF70BF-8CF6-490B-962D-E7AE88F4B830}.Debug|Any CPU.Build.0 = Debug|iPhoneSimulator
		{00BF70BF-8CF6-490B-962D-E7AE88F4B830}.Debug|Any CPU.Deploy.0 = Debug|iPhoneSimulator
		{00BF70BF-8CF6-490B-962D-E7AE88F4B830}.Debug|iPhone.ActiveCfg = Debug|iPhone
		{00BF70BF-8CF6-490B-962D-E7AE88F4B830}.Debug|iPhone.Build.0 = Debug|iPhone
		{00BF70BF-8CF6-490B-962D-E7AE88F4B830}.Debug|iPhone.Deploy.0 = Debug|iPhone
		{00BF70BF-8CF6-490B-962D-E7AE88F4B830}.Debug|iPhoneSimulator.ActiveCfg = Debug|iPhoneSimulator
		{00BF70BF-8CF6-490B-962D-E7AE88F4B830}.Debug|iPhoneSimulator.Build.0 = Debug|iPhoneSimulator
		{00BF70BF-8CF6-490B-962D-E7AE88F4B830}.Debug|iPhoneSimulator.Deploy.0 = Debug|iPhoneSimulator
		{00BF70BF-8CF6-490B-962D-E7AE88F4B830}.Release|Any CPU.ActiveCfg = Release|iPhone
		{00BF70BF-8CF6-490B-962D-E7AE88F4B830}.Release|Any CPU.Build.0 = Release|iPhone
		{00BF70BF-8CF6-490B-962D-E7AE88F4B830}.Release|Any CPU.Deploy.0 = Release|iPhone
		{00BF70BF-8CF6-490B-962D-E7AE88F4B830}.Release|iPhone.ActiveCfg = Release|iPhone
		{00BF70BF-8CF6-490B-962D-E7AE88F4B830}.Release|iPhone.Build.0 = Release|iPhone
		{00BF70BF-8CF6-490B-962D-E7AE88F4B830}.Release|iPhone.Deploy.0 = Release|iPhone
		{00BF70BF-8CF6-490B-962D-E7AE88F4B830}.Release|iPhoneSimulator.ActiveCfg = Release|iPhoneSimulator
		{00BF70BF-8CF6-490B-962D-E7AE88F4B830}.Release|iPhoneSimulator.Build.0 = Release|iPhoneSimulator
		{00BF70BF-8CF6-490B-962D-E7AE88F4B830}.Release|iPhoneSimulator.Deploy.0 = Release|iPhoneSimulator
		{A8B4BAFC-EC17-46D6-BA9C-16FA698EEDAD}.Ad-Hoc|Any CPU.ActiveCfg = Debug|Any CPU
		{A8B4BAFC-EC17-46D6-BA9C-16FA698EEDAD}.Ad-Hoc|Any CPU.Build.0 = Debug|Any CPU
		{A8B4BAFC-EC17-46D6-BA9C-16FA698EEDAD}.Ad-Hoc|Any CPU.Deploy.0 = Debug|Any CPU
		{A8B4BAFC-EC17-46D6-BA9C-16FA698EEDAD}.Ad-Hoc|iPhone.ActiveCfg = Debug|Any CPU
		{A8B4BAFC-EC17-46D6-BA9C-16FA698EEDAD}.Ad-Hoc|iPhone.Build.0 = Debug|Any CPU
		{A8B4BAFC-EC17-46D6-BA9C-16FA698EEDAD}.Ad-Hoc|iPhone.Deploy.0 = Debug|Any CPU
		{A8B4BAFC-EC17-46D6-BA9C-16FA698EEDAD}.Ad-Hoc|iPhoneSimulator.ActiveCfg = Debug|Any CPU
		{A8B4BAFC-EC17-46D6-BA9C-16FA698EEDAD}.Ad-Hoc|iPhoneSimulator.Build.0 = Debug|Any CPU
		{A8B4BAFC-EC17-46D6-BA9C-16FA698EEDAD}.Ad-Hoc|iPhoneSimulator.Deploy.0 = Debug|Any CPU
		{A8B4BAFC-EC17-46D6-BA9C-16FA698EEDAD}.AppStore|Any CPU.ActiveCfg = Debug|Any CPU
		{A8B4BAFC-EC17-46D6-BA9C-16FA698EEDAD}.AppStore|Any CPU.Build.0 = Debug|Any CPU
		{A8B4BAFC-EC17-46D6-BA9C-16FA698EEDAD}.AppStore|Any CPU.Deploy.0 = Debug|Any CPU
		{A8B4BAFC-EC17-46D6-BA9C-16FA698EEDAD}.AppStore|iPhone.ActiveCfg = Debug|Any CPU
		{A8B4BAFC-EC17-46D6-BA9C-16FA698EEDAD}.AppStore|iPhone.Build.0 = Debug|Any CPU
		{A8B4BAFC-EC17-46D6-BA9C-16FA698EEDAD}.AppStore|iPhone.Deploy.0 = Debug|Any CPU
		{A8B4BAFC-EC17-46D6-BA9C-16FA698EEDAD}.AppStore|iPhoneSimulator.ActiveCfg = Debug|Any CPU
		{A8B4BAFC-EC17-46D6-BA9C-16FA698EEDAD}.AppStore|iPhoneSimulator.Build.0 = Debug|Any CPU
		{A8B4BAFC-EC17-46D6-BA9C-16FA698EEDAD}.AppStore|iPhoneSimulator.Deploy.0 = Debug|Any CPU
		{A8B4BAFC-EC17-46D6-BA9C-16FA698EEDAD}.Debug|Any CPU.ActiveCfg = Debug|Any CPU
		{A8B4BAFC-EC17-46D6-BA9C-16FA698EEDAD}.Debug|Any CPU.Build.0 = Debug|Any CPU
		{A8B4BAFC-EC17-46D6-BA9C-16FA698EEDAD}.Debug|Any CPU.Deploy.0 = Debug|Any CPU
		{A8B4BAFC-EC17-46D6-BA9C-16FA698EEDAD}.Debug|iPhone.ActiveCfg = Debug|Any CPU
		{A8B4BAFC-EC17-46D6-BA9C-16FA698EEDAD}.Debug|iPhone.Build.0 = Debug|Any CPU
		{A8B4BAFC-EC17-46D6-BA9C-16FA698EEDAD}.Debug|iPhone.Deploy.0 = Debug|Any CPU
		{A8B4BAFC-EC17-46D6-BA9C-16FA698EEDAD}.Debug|iPhoneSimulator.ActiveCfg = Debug|Any CPU
		{A8B4BAFC-EC17-46D6-BA9C-16FA698EEDAD}.Debug|iPhoneSimulator.Build.0 = Debug|Any CPU
		{A8B4BAFC-EC17-46D6-BA9C-16FA698EEDAD}.Debug|iPhoneSimulator.Deploy.0 = Debug|Any CPU
		{A8B4BAFC-EC17-46D6-BA9C-16FA698EEDAD}.Release|Any CPU.ActiveCfg = Release|Any CPU
		{A8B4BAFC-EC17-46D6-BA9C-16FA698EEDAD}.Release|Any CPU.Build.0 = Release|Any CPU
		{A8B4BAFC-EC17-46D6-BA9C-16FA698EEDAD}.Release|Any CPU.Deploy.0 = Release|Any CPU
		{A8B4BAFC-EC17-46D6-BA9C-16FA698EEDAD}.Release|iPhone.ActiveCfg = Release|Any CPU
		{A8B4BAFC-EC17-46D6-BA9C-16FA698EEDAD}.Release|iPhone.Build.0 = Release|Any CPU
		{A8B4BAFC-EC17-46D6-BA9C-16FA698EEDAD}.Release|iPhone.Deploy.0 = Release|Any CPU
		{A8B4BAFC-EC17-46D6-BA9C-16FA698EEDAD}.Release|iPhoneSimulator.ActiveCfg = Release|Any CPU
		{A8B4BAFC-EC17-46D6-BA9C-16FA698EEDAD}.Release|iPhoneSimulator.Build.0 = Release|Any CPU
		{A8B4BAFC-EC17-46D6-BA9C-16FA698EEDAD}.Release|iPhoneSimulator.Deploy.0 = Release|Any CPU
	EndGlobalSection
	GlobalSection(SolutionProperties) = preSolution
		HideSolutionNode = FALSE
	EndGlobalSection
	GlobalSection(ExtensibilityGlobals) = postSolution
		SolutionGuid = {9080FCC5-4337-4ECF-8457-33966641D6E4}
	EndGlobalSection
EndGlobal
